# This file is autogenerated, do not edit; changes may be undone by the next 'dep ensure'.


[[projects]]
  branch = "master"
  name = "github.com/RackSec/srslog"
  packages = ["."]
  revision = "f6152a1bd05565e87729ad672a792b951046d235"

[[projects]]
  name = "github.com/Shopify/sarama"
  packages = ["."]
  revision = "3b1b38866a79f06deddf0487d5c27ba0697ccd65"
  version = "v1.15.0"

[[projects]]
  name = "github.com/aws/aws-sdk-go"
  packages = [
    "aws",
    "aws/awserr",
    "aws/awsutil",
    "aws/client",
    "aws/client/metadata",
    "aws/corehandlers",
    "aws/credentials",
    "aws/credentials/ec2rolecreds",
    "aws/credentials/endpointcreds",
    "aws/credentials/stscreds",
    "aws/defaults",
    "aws/ec2metadata",
    "aws/endpoints",
    "aws/request",
    "aws/session",
    "aws/signer/v4",
    "internal/shareddefaults",
    "private/protocol",
    "private/protocol/query",
    "private/protocol/query/queryutil",
    "private/protocol/rest",
    "private/protocol/restxml",
    "private/protocol/xml/xmlutil",
    "service/s3",
    "service/sts"
  ]
  revision = "094c4e4e03d9f1c2c7d25a17b5df5f2685ae922a"
  version = "v1.12.69"

[[projects]]
  name = "github.com/carbonblack/cb-event-forwarder"
  packages = [
    "leef",
    "sensor_events"
  ]
  revision = "45168cb993864dd85ff2d8c5843cf60bfa24fac7"
  version = "3.4.2"

[[projects]]
  name = "github.com/davecgh/go-spew"
  packages = ["spew"]
  revision = "346938d642f2ec3594ed81d874461961cd0faa76"
  version = "v1.1.0"

[[projects]]
  name = "github.com/eapache/go-resiliency"
  packages = ["breaker"]
  revision = "6800482f2c813e689c88b7ed3282262385011890"
  version = "v1.0.0"

[[projects]]
  branch = "master"
  name = "github.com/eapache/go-xerial-snappy"
  packages = ["."]
  revision = "bb955e01b9346ac19dc29eb16586c90ded99a98c"

[[projects]]
  name = "github.com/eapache/queue"
  packages = ["."]
  revision = "44cc805cf13205b55f69e14bcb69867d1ae92f98"
  version = "v1.1.0"

[[projects]]
  name = "github.com/go-ini/ini"
  packages = ["."]
  revision = "32e4c1e6bc4e7d0d8451aa6b75200d19e37a536a"
  version = "v1.32.0"

[[projects]]
  branch = "master"
  name = "github.com/golang/protobuf"
  packages = ["proto"]
  revision = "925541529c1fa6821df4e44ce2723319eb2be768"

[[projects]]
  branch = "master"
  name = "github.com/golang/snappy"
  packages = ["."]
  revision = "553a641470496b2327abcac10b36396bd98e45c9"

[[projects]]
  name = "github.com/hpcloud/tail"
  packages = [
    ".",
    "ratelimiter",
    "util",
    "watch",
    "winfile"
  ]
  revision = "a30252cb686a21eb2d0b98132633053ec2f7f1e5"
  version = "v1.0.0"

[[projects]]
  name = "github.com/jmespath/go-jmespath"
  packages = ["."]
  revision = "0b12d6b5"

[[projects]]
  branch = "master"
  name = "github.com/mohae/deepcopy"
  packages = ["."]
  revision = "c48cc78d482608239f6c4c92a4abd87eb8761c90"

[[projects]]
  name = "github.com/pierrec/lz4"
  packages = ["."]
  revision = "2fcda4cb7018ce05a25959d2fe08c83e3329f169"
  version = "v1.1"

[[projects]]
  name = "github.com/pierrec/xxHash"
  packages = ["xxHash32"]
  revision = "f051bb7f1d1aaf1b5a665d74fb6b0217712c69f7"
  version = "v0.1.1"

[[projects]]
  branch = "master"
  name = "github.com/rcrowley/go-metrics"
  packages = ["."]
  revision = "8732c616f52954686704c8645fe1a9d59e9df7c1"

[[projects]]
  name = "github.com/sirupsen/logrus"
  packages = ["."]
  revision = "d682213848ed68c0a260ca37d6dd5ace8423f5ba"
  version = "v1.0.4"

[[projects]]
  branch = "master"
  name = "github.com/streadway/amqp"
  packages = ["."]
  revision = "54ded0531dfd699a7893861d39a7a949c5749bc9"

[[projects]]
  branch = "master"
  name = "github.com/vaughan0/go-ini"
  packages = ["."]
  revision = "a98ad7ee00ec53921f08832bc06ecf7fd600e6a1"

[[projects]]
  branch = "master"
  name = "golang.org/x/crypto"
  packages = ["ssh/terminal"]
  revision = "0efb9460aaf800c6376acf625be2853bceac2e06"

[[projects]]
  branch = "master"
  name = "golang.org/x/sys"
  packages = [
    "unix",
    "windows"
  ]
  revision = "03467258950d845cd1877eab69461b98e8c09219"

[[projects]]
  name = "gopkg.in/fsnotify.v1"
  packages = ["."]
  revision = "c2828203cd70a50dcccfb2761f8b1f8ceef9a8e9"
  version = "v1.4.7"

[[projects]]
  name = "gopkg.in/h2non/filetype.v1"
  packages = [
    ".",
    "matchers",
    "types"
  ]
  revision = "cc14fdc9ca0e4c2bafad7458f6ff79fd3947cfbb"
  version = "v1.0.5"

[[projects]]
  branch = "v1"
  name = "gopkg.in/tomb.v1"
  packages = ["."]
  revision = "dd632973f1e7218eb1089048e0798ec9ae7dceb8"

[[projects]]
  name = "zvelo.io/ttlru"
  packages = ["."]
  revision = "697832a17c23baaf9bdb00ef520bf4d0469017c1"
  version = "v1.0.1"

[solve-meta]
  analyzer-name = "dep"
  analyzer-version = 1
  inputs-digest = "4f9f23be69d0fb7d62739ab5f9f4a593ea5e47cb5100805eceb94c15c4feee59"
  solver-name = "gps-cdcl"
  solver-version = 1
